// !$*UTF8*$!
{
	archiveVersion = 1;
	classes = {
	};
	objectVersion = 55;
	objects = {

/* Begin PBXBuildFile section */
		0BC1542D290E2CD10035BB43 /* ErrorDevice.swift in Sources */ = {isa = PBXBuildFile; fileRef = 0BC1542C290E2CD10035BB43 /* ErrorDevice.swift */; };
		0BC1542F290E37570035BB43 /* Color.swift in Sources */ = {isa = PBXBuildFile; fileRef = 0BC1542E290E37570035BB43 /* Color.swift */; };
		0BC15431290E629F0035BB43 /* EditProductViewController.swift in Sources */ = {isa = PBXBuildFile; fileRef = 0BC15430290E629F0035BB43 /* EditProductViewController.swift */; };
		0BC15433290E72400035BB43 /* StretchyTableHeaderView.swift in Sources */ = {isa = PBXBuildFile; fileRef = 0BC15432290E72400035BB43 /* StretchyTableHeaderView.swift */; };
		0BC15436290E8AC90035BB43 /* LabelTableViewCell.swift in Sources */ = {isa = PBXBuildFile; fileRef = 0BC15434290E8AC90035BB43 /* LabelTableViewCell.swift */; };
		0BC15437290E8AC90035BB43 /* LabelTableViewCell.xib in Resources */ = {isa = PBXBuildFile; fileRef = 0BC15435290E8AC90035BB43 /* LabelTableViewCell.xib */; };
		0BC1543A290E8AE10035BB43 /* TextFieldTableViewCell.swift in Sources */ = {isa = PBXBuildFile; fileRef = 0BC15438290E8AE10035BB43 /* TextFieldTableViewCell.swift */; };
		0BC1543B290E8AE10035BB43 /* TextFieldTableViewCell.xib in Resources */ = {isa = PBXBuildFile; fileRef = 0BC15439290E8AE10035BB43 /* TextFieldTableViewCell.xib */; };
		0BC15440290E8D0E0035BB43 /* SelectionTableViewCell.swift in Sources */ = {isa = PBXBuildFile; fileRef = 0BC1543E290E8D0E0035BB43 /* SelectionTableViewCell.swift */; };
		0BC15441290E8D0E0035BB43 /* SelectionTableViewCell.xib in Resources */ = {isa = PBXBuildFile; fileRef = 0BC1543F290E8D0E0035BB43 /* SelectionTableViewCell.xib */; };
		0BC15444290EBD280035BB43 /* ResizeSubmitViewController.swift in Sources */ = {isa = PBXBuildFile; fileRef = 0BC15443290EBD280035BB43 /* ResizeSubmitViewController.swift */; };
		0BC15446290EBF220035BB43 /* SubmitController.swift in Sources */ = {isa = PBXBuildFile; fileRef = 0BC15445290EBF220035BB43 /* SubmitController.swift */; };
		0BC15449290EC8DC0035BB43 /* DeviceChangeTableViewCell.swift in Sources */ = {isa = PBXBuildFile; fileRef = 0BC15447290EC8DC0035BB43 /* DeviceChangeTableViewCell.swift */; };
		0BC1544A290EC8DC0035BB43 /* DeviceChangeTableViewCell.xib in Resources */ = {isa = PBXBuildFile; fileRef = 0BC15448290EC8DC0035BB43 /* DeviceChangeTableViewCell.xib */; };
		0BE93686290D579A00D18B10 /* AppDelegate.swift in Sources */ = {isa = PBXBuildFile; fileRef = 0BE93685290D579A00D18B10 /* AppDelegate.swift */; };
		0BE93688290D579A00D18B10 /* SceneDelegate.swift in Sources */ = {isa = PBXBuildFile; fileRef = 0BE93687290D579A00D18B10 /* SceneDelegate.swift */; };
		0BE9368A290D579A00D18B10 /* ViewController.swift in Sources */ = {isa = PBXBuildFile; fileRef = 0BE93689290D579A00D18B10 /* ViewController.swift */; };
		0BE9368D290D579A00D18B10 /* Main.storyboard in Resources */ = {isa = PBXBuildFile; fileRef = 0BE9368B290D579A00D18B10 /* Main.storyboard */; };
		0BE9368F290D579C00D18B10 /* Assets.xcassets in Resources */ = {isa = PBXBuildFile; fileRef = 0BE9368E290D579C00D18B10 /* Assets.xcassets */; };
		0BE93692290D579C00D18B10 /* LaunchScreen.storyboard in Resources */ = {isa = PBXBuildFile; fileRef = 0BE93690290D579C00D18B10 /* LaunchScreen.storyboard */; };
		0BE936A0290D57EC00D18B10 /* DeviceTableViewCell.swift in Sources */ = {isa = PBXBuildFile; fileRef = 0BE9369E290D57EC00D18B10 /* DeviceTableViewCell.swift */; };
		0BE936A1290D57EC00D18B10 /* DeviceTableViewCell.xib in Resources */ = {isa = PBXBuildFile; fileRef = 0BE9369F290D57EC00D18B10 /* DeviceTableViewCell.xib */; };
/* End PBXBuildFile section */

/* Begin PBXFileReference section */
		0BC1542C290E2CD10035BB43 /* ErrorDevice.swift */ = {isa = PBXFileReference; lastKnownFileType = sourcecode.swift; path = ErrorDevice.swift; sourceTree = "<group>"; };
		0BC1542E290E37570035BB43 /* Color.swift */ = {isa = PBXFileReference; lastKnownFileType = sourcecode.swift; path = Color.swift; sourceTree = "<group>"; };
		0BC15430290E629F0035BB43 /* EditProductViewController.swift */ = {isa = PBXFileReference; lastKnownFileType = sourcecode.swift; path = EditProductViewController.swift; sourceTree = "<group>"; };
		0BC15432290E72400035BB43 /* StretchyTableHeaderView.swift */ = {isa = PBXFileReference; lastKnownFileType = sourcecode.swift; path = StretchyTableHeaderView.swift; sourceTree = "<group>"; };
		0BC15434290E8AC90035BB43 /* LabelTableViewCell.swift */ = {isa = PBXFileReference; lastKnownFileType = sourcecode.swift; path = LabelTableViewCell.swift; sourceTree = "<group>"; };
		0BC15435290E8AC90035BB43 /* LabelTableViewCell.xib */ = {isa = PBXFileReference; lastKnownFileType = file.xib; path = LabelTableViewCell.xib; sourceTree = "<group>"; };
		0BC15438290E8AE10035BB43 /* TextFieldTableViewCell.swift */ = {isa = PBXFileReference; lastKnownFileType = sourcecode.swift; path = TextFieldTableViewCell.swift; sourceTree = "<group>"; };
		0BC15439290E8AE10035BB43 /* TextFieldTableViewCell.xib */ = {isa = PBXFileReference; lastKnownFileType = file.xib; path = TextFieldTableViewCell.xib; sourceTree = "<group>"; };
		0BC1543E290E8D0E0035BB43 /* SelectionTableViewCell.swift */ = {isa = PBXFileReference; lastKnownFileType = sourcecode.swift; path = SelectionTableViewCell.swift; sourceTree = "<group>"; };
		0BC1543F290E8D0E0035BB43 /* SelectionTableViewCell.xib */ = {isa = PBXFileReference; lastKnownFileType = file.xib; path = SelectionTableViewCell.xib; sourceTree = "<group>"; };
		0BC15443290EBD280035BB43 /* ResizeSubmitViewController.swift */ = {isa = PBXFileReference; lastKnownFileType = sourcecode.swift; path = ResizeSubmitViewController.swift; sourceTree = "<group>"; };
		0BC15445290EBF220035BB43 /* SubmitController.swift */ = {isa = PBXFileReference; lastKnownFileType = sourcecode.swift; path = SubmitController.swift; sourceTree = "<group>"; };
		0BC15447290EC8DC0035BB43 /* DeviceChangeTableViewCell.swift */ = {isa = PBXFileReference; lastKnownFileType = sourcecode.swift; path = DeviceChangeTableViewCell.swift; sourceTree = "<group>"; };
		0BC15448290EC8DC0035BB43 /* DeviceChangeTableViewCell.xib */ = {isa = PBXFileReference; lastKnownFileType = file.xib; path = DeviceChangeTableViewCell.xib; sourceTree = "<group>"; };
		0BE93682290D579A00D18B10 /* TestTeko.app */ = {isa = PBXFileReference; explicitFileType = wrapper.application; includeInIndex = 0; path = TestTeko.app; sourceTree = BUILT_PRODUCTS_DIR; };
		0BE93685290D579A00D18B10 /* AppDelegate.swift */ = {isa = PBXFileReference; lastKnownFileType = sourcecode.swift; path = AppDelegate.swift; sourceTree = "<group>"; };
		0BE93687290D579A00D18B10 /* SceneDelegate.swift */ = {isa = PBXFileReference; lastKnownFileType = sourcecode.swift; path = SceneDelegate.swift; sourceTree = "<group>"; };
		0BE93689290D579A00D18B10 /* ViewController.swift */ = {isa = PBXFileReference; lastKnownFileType = sourcecode.swift; path = ViewController.swift; sourceTree = "<group>"; };
		0BE9368C290D579A00D18B10 /* Base */ = {isa = PBXFileReference; lastKnownFileType = file.storyboard; name = Base; path = Base.lproj/Main.storyboard; sourceTree = "<group>"; };
		0BE9368E290D579C00D18B10 /* Assets.xcassets */ = {isa = PBXFileReference; lastKnownFileType = folder.assetcatalog; path = Assets.xcassets; sourceTree = "<group>"; };
		0BE93691290D579C00D18B10 /* Base */ = {isa = PBXFileReference; lastKnownFileType = file.storyboard; name = Base; path = Base.lproj/LaunchScreen.storyboard; sourceTree = "<group>"; };
		0BE93693290D579C00D18B10 /* Info.plist */ = {isa = PBXFileReference; lastKnownFileType = text.plist.xml; path = Info.plist; sourceTree = "<group>"; };
		0BE9369E290D57EC00D18B10 /* DeviceTableViewCell.swift */ = {isa = PBXFileReference; lastKnownFileType = sourcecode.swift; path = DeviceTableViewCell.swift; sourceTree = "<group>"; };
		0BE9369F290D57EC00D18B10 /* DeviceTableViewCell.xib */ = {isa = PBXFileReference; lastKnownFileType = file.xib; path = DeviceTableViewCell.xib; sourceTree = "<group>"; };
/* End PBXFileReference section */

/* Begin PBXFrameworksBuildPhase section */
		0BE9367F290D579A00D18B10 /* Frameworks */ = {
			isa = PBXFrameworksBuildPhase;
			buildActionMask = 2147483647;
			files = (
			);
			runOnlyForDeploymentPostprocessing = 0;
		};
/* End PBXFrameworksBuildPhase section */

/* Begin PBXGroup section */
		0BC1542B290E2CA40035BB43 /* Models */ = {
			isa = PBXGroup;
			children = (
				0BC1542C290E2CD10035BB43 /* ErrorDevice.swift */,
				0BC1542E290E37570035BB43 /* Color.swift */,
			);
			path = Models;
			sourceTree = "<group>";
		};
		0BC15442290EAB240035BB43 /* ViewController */ = {
			isa = PBXGroup;
			children = (
				0BE93689290D579A00D18B10 /* ViewController.swift */,
				0BC15430290E629F0035BB43 /* EditProductViewController.swift */,
				0BC15445290EBF220035BB43 /* SubmitController.swift */,
			);
			path = ViewController;
			sourceTree = "<group>";
		};
		0BE93679290D579A00D18B10 = {
			isa = PBXGroup;
			children = (
				0BE93684290D579A00D18B10 /* TestTeko */,
				0BE93683290D579A00D18B10 /* Products */,
			);
			sourceTree = "<group>";
		};
		0BE93683290D579A00D18B10 /* Products */ = {
			isa = PBXGroup;
			children = (
				0BE93682290D579A00D18B10 /* TestTeko.app */,
			);
			name = Products;
			sourceTree = "<group>";
		};
		0BE93684290D579A00D18B10 /* TestTeko */ = {
			isa = PBXGroup;
			children = (
				0BC15442290EAB240035BB43 /* ViewController */,
				0BC1542B290E2CA40035BB43 /* Models */,
				0BE93699290D57B400D18B10 /* TableViewCell */,
				0BE93685290D579A00D18B10 /* AppDelegate.swift */,
				0BE93687290D579A00D18B10 /* SceneDelegate.swift */,
				0BE9368B290D579A00D18B10 /* Main.storyboard */,
				0BE9368E290D579C00D18B10 /* Assets.xcassets */,
				0BE93690290D579C00D18B10 /* LaunchScreen.storyboard */,
				0BE93693290D579C00D18B10 /* Info.plist */,
				0BC15432290E72400035BB43 /* StretchyTableHeaderView.swift */,
				0BC15443290EBD280035BB43 /* ResizeSubmitViewController.swift */,
			);
			path = TestTeko;
			sourceTree = "<group>";
		};
		0BE93699290D57B400D18B10 /* TableViewCell */ = {
			isa = PBXGroup;
			children = (
				0BE9369E290D57EC00D18B10 /* DeviceTableViewCell.swift */,
				0BE9369F290D57EC00D18B10 /* DeviceTableViewCell.xib */,
				0BC15434290E8AC90035BB43 /* LabelTableViewCell.swift */,
				0BC15435290E8AC90035BB43 /* LabelTableViewCell.xib */,
				0BC15438290E8AE10035BB43 /* TextFieldTableViewCell.swift */,
				0BC15439290E8AE10035BB43 /* TextFieldTableViewCell.xib */,
				0BC1543E290E8D0E0035BB43 /* SelectionTableViewCell.swift */,
				0BC1543F290E8D0E0035BB43 /* SelectionTableViewCell.xib */,
				0BC15447290EC8DC0035BB43 /* DeviceChangeTableViewCell.swift */,
				0BC15448290EC8DC0035BB43 /* DeviceChangeTableViewCell.xib */,
			);
			path = TableViewCell;
			sourceTree = "<group>";
		};
/* End PBXGroup section */

/* Begin PBXNativeTarget section */
		0BE93681290D579A00D18B10 /* TestTeko */ = {
			isa = PBXNativeTarget;
			buildConfigurationList = 0BE93696290D579C00D18B10 /* Build configuration list for PBXNativeTarget "TestTeko" */;
			buildPhases = (
				0BE9367E290D579A00D18B10 /* Sources */,
				0BE9367F290D579A00D18B10 /* Frameworks */,
				0BE93680290D579A00D18B10 /* Resources */,
			);
			buildRules = (
			);
			dependencies = (
			);
			name = TestTeko;
			productName = TestTeko;
			productReference = 0BE93682290D579A00D18B10 /* TestTeko.app */;
			productType = "com.apple.product-type.application";
		};
/* End PBXNativeTarget section */

/* Begin PBXProject section */
		0BE9367A290D579A00D18B10 /* Project object */ = {
			isa = PBXProject;
			attributes = {
				BuildIndependentTargetsInParallel = 1;
				LastSwiftUpdateCheck = 1340;
				LastUpgradeCheck = 1340;
				TargetAttributes = {
					0BE93681290D579A00D18B10 = {
						CreatedOnToolsVersion = 13.4;
					};
				};
			};
			buildConfigurationList = 0BE9367D290D579A00D18B10 /* Build configuration list for PBXProject "TestTeko" */;
			compatibilityVersion = "Xcode 13.0";
			developmentRegion = en;
			hasScannedForEncodings = 0;
			knownRegions = (
				en,
				Base,
			);
			mainGroup = 0BE93679290D579A00D18B10;
			productRefGroup = 0BE93683290D579A00D18B10 /* Products */;
			projectDirPath = "";
			projectRoot = "";
			targets = (
				0BE93681290D579A00D18B10 /* TestTeko */,
			);
		};
/* End PBXProject section */

/* Begin PBXResourcesBuildPhase section */
		0BE93680290D579A00D18B10 /* Resources */ = {
			isa = PBXResourcesBuildPhase;
			buildActionMask = 2147483647;
			files = (
				0BC15441290E8D0E0035BB43 /* SelectionTableViewCell.xib in Resources */,
				0BE93692290D579C00D18B10 /* LaunchScreen.storyboard in Resources */,
				0BC1543B290E8AE10035BB43 /* TextFieldTableViewCell.xib in Resources */,
				0BC15437290E8AC90035BB43 /* LabelTableViewCell.xib in Resources */,
				0BE9368F290D579C00D18B10 /* Assets.xcassets in Resources */,
				0BE9368D290D579A00D18B10 /* Main.storyboard in Resources */,
				0BE936A1290D57EC00D18B10 /* DeviceTableViewCell.xib in Resources */,
				0BC1544A290EC8DC0035BB43 /* DeviceChangeTableViewCell.xib in Resources */,
			);
			runOnlyForDeploymentPostprocessing = 0;
		};
/* End PBXResourcesBuildPhase section */

/* Begin PBXSourcesBuildPhase section */
		0BE9367E290D579A00D18B10 /* Sources */ = {
			isa = PBXSourcesBuildPhase;
			buildActionMask = 2147483647;
			files = (
				0BC15431290E629F0035BB43 /* EditProductViewController.swift in Sources */,
				0BC15446290EBF220035BB43 /* SubmitController.swift in Sources */,
				0BC15444290EBD280035BB43 /* ResizeSubmitViewController.swift in Sources */,
				0BE9368A290D579A00D18B10 /* ViewController.swift in Sources */,
				0BC15433290E72400035BB43 /* StretchyTableHeaderView.swift in Sources */,
				0BC15440290E8D0E0035BB43 /* SelectionTableViewCell.swift in Sources */,
				0BC1542F290E37570035BB43 /* Color.swift in Sources */,
				0BC15449290EC8DC0035BB43 /* DeviceChangeTableViewCell.swift in Sources */,
				0BE93686290D579A00D18B10 /* AppDelegate.swift in Sources */,
				0BC15436290E8AC90035BB43 /* LabelTableViewCell.swift in Sources */,
				0BE93688290D579A00D18B10 /* SceneDelegate.swift in Sources */,
				0BC1542D290E2CD10035BB43 /* ErrorDevice.swift in Sources */,
				0BE936A0290D57EC00D18B10 /* DeviceTableViewCell.swift in Sources */,
				0BC1543A290E8AE10035BB43 /* TextFieldTableViewCell.swift in Sources */,
			);
			runOnlyForDeploymentPostprocessing = 0;
		};
/* End PBXSourcesBuildPhase section */

/* Begin PBXVariantGroup section */
		0BE9368B290D579A00D18B10 /* Main.storyboard */ = {
			isa = PBXVariantGroup;
			children = (
				0BE9368C290D579A00D18B10 /* Base */,
			);
			name = Main.storyboard;
			sourceTree = "<group>";
		};
		0BE93690290D579C00D18B10 /* LaunchScreen.storyboard */ = {
			isa = PBXVariantGroup;
			children = (
				0BE93691290D579C00D18B10 /* Base */,
			);
			name = LaunchScreen.storyboard;
			sourceTree = "<group>";
		};
/* End PBXVariantGroup section */

/* Begin XCBuildConfiguration section */
		0BE93694290D579C00D18B10 /* Debug */ = {
			isa = XCBuildConfiguration;
			buildSettings = {
				ALWAYS_SEARCH_USER_PATHS = NO;
				CLANG_ANALYZER_NONNULL = YES;
				CLANG_ANALYZER_NUMBER_OBJECT_CONVERSION = YES_AGGRESSIVE;
				CLANG_CXX_LANGUAGE_STANDARD = "gnu++17";
				CLANG_ENABLE_MODULES = YES;
				CLANG_ENABLE_OBJC_ARC = YES;
				CLANG_ENABLE_OBJC_WEAK = YES;
				CLANG_WARN_BLOCK_CAPTURE_AUTORELEASING = YES;
				CLANG_WARN_BOOL_CONVERSION = YES;
				CLANG_WARN_COMMA = YES;
				CLANG_WARN_CONSTANT_CONVERSION = YES;
				CLANG_WARN_DEPRECATED_OBJC_IMPLEMENTATIONS = YES;
				CLANG_WARN_DIRECT_OBJC_ISA_USAGE = YES_ERROR;
				CLANG_WARN_DOCUMENTATION_COMMENTS = YES;
				CLANG_WARN_EMPTY_BODY = YES;
				CLANG_WARN_ENUM_CONVERSION = YES;
				CLANG_WARN_INFINITE_RECURSION = YES;
				CLANG_WARN_INT_CONVERSION = YES;
				CLANG_WARN_NON_LITERAL_NULL_CONVERSION = YES;
				CLANG_WARN_OBJC_IMPLICIT_RETAIN_SELF = YES;
				CLANG_WARN_OBJC_LITERAL_CONVERSION = YES;
				CLANG_WARN_OBJC_ROOT_CLASS = YES_ERROR;
				CLANG_WARN_QUOTED_INCLUDE_IN_FRAMEWORK_HEADER = YES;
				CLANG_WARN_RANGE_LOOP_ANALYSIS = YES;
				CLANG_WARN_STRICT_PROTOTYPES = YES;
				CLANG_WARN_SUSPICIOUS_MOVE = YES;
				CLANG_WARN_UNGUARDED_AVAILABILITY = YES_AGGRESSIVE;
				CLANG_WARN_UNREACHABLE_CODE = YES;
				CLANG_WARN__DUPLICATE_METHOD_MATCH = YES;
				COPY_PHASE_STRIP = NO;
				DEBUG_INFORMATION_FORMAT = dwarf;
				ENABLE_STRICT_OBJC_MSGSEND = YES;
				ENABLE_TESTABILITY = YES;
				GCC_C_LANGUAGE_STANDARD = gnu11;
				GCC_DYNAMIC_NO_PIC = NO;
				GCC_NO_COMMON_BLOCKS = YES;
				GCC_OPTIMIZATION_LEVEL = 0;
				GCC_PREPROCESSOR_DEFINITIONS = (
					"DEBUG=1",
					"$(inherited)",
				);
				GCC_WARN_64_TO_32_BIT_CONVERSION = YES;
				GCC_WARN_ABOUT_RETURN_TYPE = YES_ERROR;
				GCC_WARN_UNDECLARED_SELECTOR = YES;
				GCC_WARN_UNINITIALIZED_AUTOS = YES_AGGRESSIVE;
				GCC_WARN_UNUSED_FUNCTION = YES;
				GCC_WARN_UNUSED_VARIABLE = YES;
				IPHONEOS_DEPLOYMENT_TARGET = 15.5;
				MTL_ENABLE_DEBUG_INFO = INCLUDE_SOURCE;
				MTL_FAST_MATH = YES;
				ONLY_ACTIVE_ARCH = YES;
				SDKROOT = iphoneos;
				SWIFT_ACTIVE_COMPILATION_CONDITIONS = DEBUG;
				SWIFT_OPTIMIZATION_LEVEL = "-Onone";
			};
			name = Debug;
		};
		0BE93695290D579C00D18B10 /* Release */ = {
			isa = XCBuildConfiguration;
			buildSettings = {
				ALWAYS_SEARCH_USER_PATHS = NO;
				CLANG_ANALYZER_NONNULL = YES;
				CLANG_ANALYZER_NUMBER_OBJECT_CONVERSION = YES_AGGRESSIVE;
				CLANG_CXX_LANGUAGE_STANDARD = "gnu++17";
				CLANG_ENABLE_MODULES = YES;
				CLANG_ENABLE_OBJC_ARC = YES;
				CLANG_ENABLE_OBJC_WEAK = YES;
				CLANG_WARN_BLOCK_CAPTURE_AUTORELEASING = YES;
				CLANG_WARN_BOOL_CONVERSION = YES;
				CLANG_WARN_COMMA = YES;
				CLANG_WARN_CONSTANT_CONVERSION = YES;
				CLANG_WARN_DEPRECATED_OBJC_IMPLEMENTATIONS = YES;
				CLANG_WARN_DIRECT_OBJC_ISA_USAGE = YES_ERROR;
				CLANG_WARN_DOCUMENTATION_COMMENTS = YES;
				CLANG_WARN_EMPTY_BODY = YES;
				CLANG_WARN_ENUM_CONVERSION = YES;
				CLANG_WARN_INFINITE_RECURSION = YES;
				CLANG_WARN_INT_CONVERSION = YES;
				CLANG_WARN_NON_LITERAL_NULL_CONVERSION = YES;
				CLANG_WARN_OBJC_IMPLICIT_RETAIN_SELF = YES;
				CLANG_WARN_OBJC_LITERAL_CONVERSION = YES;
				CLANG_WARN_OBJC_ROOT_CLASS = YES_ERROR;
				CLANG_WARN_QUOTED_INCLUDE_IN_FRAMEWORK_HEADER = YES;
				CLANG_WARN_RANGE_LOOP_ANALYSIS = YES;
				CLANG_WARN_STRICT_PROTOTYPES = YES;
				CLANG_WARN_SUSPICIOUS_MOVE = YES;
				CLANG_WARN_UNGUARDED_AVAILABILITY = YES_AGGRESSIVE;
				CLANG_WARN_UNREACHABLE_CODE = YES;
				CLANG_WARN__DUPLICATE_METHOD_MATCH = YES;
				COPY_PHASE_STRIP = NO;
				DEBUG_INFORMATION_FORMAT = "dwarf-with-dsym";
				ENABLE_NS_ASSERTIONS = NO;
				ENABLE_STRICT_OBJC_MSGSEND = YES;
				GCC_C_LANGUAGE_STANDARD = gnu11;
				GCC_NO_COMMON_BLOCKS = YES;
				GCC_WARN_64_TO_32_BIT_CONVERSION = YES;
				GCC_WARN_ABOUT_RETURN_TYPE = YES_ERROR;
				GCC_WARN_UNDECLARED_SELECTOR = YES;
				GCC_WARN_UNINITIALIZED_AUTOS = YES_AGGRESSIVE;
				GCC_WARN_UNUSED_FUNCTION = YES;
				GCC_WARN_UNUSED_VARIABLE = YES;
				IPHONEOS_DEPLOYMENT_TARGET = 15.5;
				MTL_ENABLE_DEBUG_INFO = NO;
				MTL_FAST_MATH = YES;
				SDKROOT = iphoneos;
				SWIFT_COMPILATION_MODE = wholemodule;
				SWIFT_OPTIMIZATION_LEVEL = "-O";
				VALIDATE_PRODUCT = YES;
			};
			name = Release;
		};
		0BE93697290D579C00D18B10 /* Debug */ = {
			isa = XCBuildConfiguration;
			buildSettings = {
				ASSETCATALOG_COMPILER_APPICON_NAME = AppIcon;
				ASSETCATALOG_COMPILER_GLOBAL_ACCENT_COLOR_NAME = AccentColor;
				CODE_SIGN_STYLE = Automatic;
				CURRENT_PROJECT_VERSION = 1;
				DEVELOPMENT_TEAM = F546G7U65M;
				GENERATE_INFOPLIST_FILE = YES;
				INFOPLIST_FILE = TestTeko/Info.plist;
				INFOPLIST_KEY_UIApplicationSupportsIndirectInputEvents = YES;
				INFOPLIST_KEY_UILaunchStoryboardName = LaunchScreen;
				INFOPLIST_KEY_UIMainStoryboardFile = Main;
				INFOPLIST_KEY_UISupportedInterfaceOrientations_iPad = "UIInterfaceOrientationPortrait UIInterfaceOrientationPortraitUpsideDown UIInterfaceOrientationLandscapeLeft UIInterfaceOrientationLandscapeRight";
				INFOPLIST_KEY_UISupportedInterfaceOrientations_iPhone = "UIInterfaceOrientationPortrait UIInterfaceOrientationLandscapeLeft UIInterfaceOrientationLandscapeRight";
				LD_RUNPATH_SEARCH_PATHS = (
					"$(inherited)",
					"@executable_path/Frameworks",
				);
				MARKETING_VERSION = 1.0;
				PRODUCT_BUNDLE_IDENTIFIER = com.quochn.testTeKo.TestTeko;
				PRODUCT_NAME = "$(TARGET_NAME)";
				SWIFT_EMIT_LOC_STRINGS = YES;
				SWIFT_VERSION = 5.0;
				TARGETED_DEVICE_FAMILY = "1,2";
			};
			name = Debug;
		};
		0BE93698290D579C00D18B10 /* Release */ = {
			isa = XCBuildConfiguration;
			buildSettings = {
				ASSETCATALOG_COMPILER_APPICON_NAME = AppIcon;
				ASSETCATALOG_COMPILER_GLOBAL_ACCENT_COLOR_NAME = AccentColor;
				CODE_SIGN_STYLE = Automatic;
				CURRENT_PROJECT_VERSION = 1;
				DEVELOPMENT_TEAM = F546G7U65M;
				GENERATE_INFOPLIST_FILE = YES;
				INFOPLIST_FILE = TestTeko/Info.plist;
				INFOPLIST_KEY_UIApplicationSupportsIndirectInputEvents = YES;
				INFOPLIST_KEY_UILaunchStoryboardName = LaunchScreen;
				INFOPLIST_KEY_UIMainStoryboardFile = Main;
				INFOPLIST_KEY_UISupportedInterfaceOrientations_iPad = "UIInterfaceOrientationPortrait UIInterfaceOrientationPortraitUpsideDown UIInterfaceOrientationLandscapeLeft UIInterfaceOrientationLandscapeRight";
				INFOPLIST_KEY_UISupportedInterfaceOrientations_iPhone = "UIInterfaceOrientationPortrait UIInterfaceOrientationLandscapeLeft UIInterfaceOrientationLandscapeRight";
				LD_RUNPATH_SEARCH_PATHS = (
					"$(inherited)",
					"@executable_path/Frameworks",
				);
				MARKETING_VERSION = 1.0;
				PRODUCT_BUNDLE_IDENTIFIER = com.quochn.testTeKo.TestTeko;
				PRODUCT_NAME = "$(TARGET_NAME)";
				SWIFT_EMIT_LOC_STRINGS = YES;
				SWIFT_VERSION = 5.0;
				TARGETED_DEVICE_FAMILY = "1,2";
			};
			name = Release;
		};
/* End XCBuildConfiguration section */

/* Begin XCConfigurationList section */
		0BE9367D290D579A00D18B10 /* Build configuration list for PBXProject "TestTeko" */ = {
			isa = XCConfigurationList;
			buildConfigurations = (
				0BE93694290D579C00D18B10 /* Debug */,
				0BE93695290D579C00D18B10 /* Release */,
			);
			defaultConfigurationIsVisible = 0;
			defaultConfigurationName = Release;
		};
		0BE93696290D579C00D18B10 /* Build configuration list for PBXNativeTarget "TestTeko" */ = {
			isa = XCConfigurationList;
			buildConfigurations = (
				0BE93697290D579C00D18B10 /* Debug */,
				0BE93698290D579C00D18B10 /* Release */,
			);
			defaultConfigurationIsVisible = 0;
			defaultConfigurationName = Release;
		};
/* End XCConfigurationList section */
	};
	rootObject = 0BE9367A290D579A00D18B10 /* Project object */;
}
